{
  "sources": {
    "apt": {
      "locked_version": "2.3.8"
    },
    "apache2": {
      "locked_version": "1.10.1",
      "git": "https://github.com/opscode-cookbooks/apache2.git",
      "ref": "45c0a028c538725b0536160e012c95c35663dcef"
    },
    "build-essential": {
      "locked_version": "2.0.0"
    },
    "firewall": {
      "locked_version": "0.11.6"
    },
    "memcached": {
      "locked_version": "1.5.0"
    },
    "mysql": {
      "locked_version": "5.1.9",
      "git": "https://github.com/opscode-cookbooks/mysql",
      "ref": "a2ff53f0ca6deca75aebf6da55ac381194ec7728"
    },
    "wordpress": {
      "locked_version": "2.1.2",
      "git": "https://github.com/opscode-cookbooks/wordpress",
      "ref": "c0595cfc48609c992e764dd569f276ac4eb9fed9"
    },
    "php": {
      "locked_version": "1.4.7",
      "git": "https://github.com/opscode-cookbooks/php",
      "ref": "180e5d23037809e840d6ed8600f50823c513791a"
    },
    "sysctl": {
      "locked_version": "2.0.1",
      "git": "https://github.com/spheromak/sysctl-cookbook",
      "ref": "66fc717b8c775bceffac675874c1aa66a376216f"
    },
    "vsftpd": {
      "locked_version": "0.4.1",
      "git": "https://github.com/cwjohnston/chef-vsftpd",
      "ref": "9d0ecbdf0af66e03b0c1e8676f5003e6d681c9aa"
    },
    "monit": {
      "locked_version": "0.7.3",
      "git": "https://github.com/apsoto/monit",
      "ref": "c2bd30fcdd1bd0b83402d67774ecc2d594f69649"
    },
    "hollandbackup": {
      "locked_version": "0.1.0",
      "git": "https://github.com/brint/hollandbackup",
      "ref": "24eb90943c37797ab08245c8a1de436e8f0c0e54"
    },
    "varnish": {
      "locked_version": "0.9.13",
      "git": "https://github.com/opscode-cookbooks/varnish",
      "ref": "0a2b4fa3aecce60db7208bba136fba74e38c8569"
    },
    "lsyncd": {
      "locked_version": "0.2.1",
      "git": "https://github.com/dgivens/chef-lsyncd/",
      "ref": "2bb8721525af8d29e3eab492e912ccf3d1ad9353"
    },
    "rax-wordpress": {
      "locked_version": "0.1.0",
      "git": "https://github.com/brint/rax-wordpress-cookbook",
      "ref": "36b1e5cf88a40fab44e57ad578a10d20bb5cd367"
    },
    "cron": {
      "locked_version": "1.3.0",
      "git": "https://github.com/opscode-cookbooks/cron",
      "ref": "8007fc9ef6083e04554d729b4ffaef4e7ca81d7a"
    },
    "iptables": {
      "locked_version": "0.12.0"
    },
    "logrotate": {
      "locked_version": "1.5.0"
    },
    "pacman": {
      "locked_version": "1.1.1"
    },
    "runit": {
      "locked_version": "1.1.6"
    },
    "yum": {
      "locked_version": "2.3.0"
    },
    "openssl": {
      "locked_version": "1.0.2"
    },
    "database": {
      "locked_version": "2.1.6"
    },
    "postgresql": {
      "locked_version": "3.0.2"
    },
    "aws": {
      "locked_version": "0.101.2"
    },
    "xfs": {
      "locked_version": "1.1.0"
    },
    "mysql-chef_gem": {
      "locked_version": "0.0.2"
    },
    "iis": {
      "locked_version": "2.0.2"
    },
    "windows": {
      "locked_version": "1.10.0"
    },
    "chef_handler": {
      "locked_version": "1.1.4"
    },
    "xml": {
      "locked_version": "1.1.2"
    },
    "yum-epel": {
      "locked_version": "0.3.4"
    },
    "accumulator": {
      "locked_version": "0.2.0"
    },
    "apache": {
      "locked_version": "0.0.5"
    },
    "iptables-ng": {
      "locked_version": "2.0.0"
    }
  }
}
